// !$*UTF8*$!
{
	archiveVersion = 1;
	classes = {
	};
	objectVersion = 56;
	objects = {

/* Begin PBXBuildFile section */
		9E0981012CE38D38005E715C /* AppStateManager.swift in Sources */ = {isa = PBXBuildFile; fileRef = 9E0981002CE38D38005E715C /* AppStateManager.swift */; };
		9E1DB5682CD6183C008639AB /* NotificationsView.swift in Sources */ = {isa = PBXBuildFile; fileRef = 9E1DB5672CD6183C008639AB /* NotificationsView.swift */; };
		9E22DE722CE893A7008CD0D1 /* KeychainManager.swift in Sources */ = {isa = PBXBuildFile; fileRef = 9E22DE712CE893A7008CD0D1 /* KeychainManager.swift */; };
		9E22DE742CE8D099008CD0D1 /* CoreDataManager.swift in Sources */ = {isa = PBXBuildFile; fileRef = 9E22DE732CE8D099008CD0D1 /* CoreDataManager.swift */; };
		9E8A7CA32CEF07090050D4DA /* FirebaseFirestore in Frameworks */ = {isa = PBXBuildFile; productRef = 9E8A7CA22CEF07090050D4DA /* FirebaseFirestore */; };
		9E8A7CA52CEF07090050D4DA /* FirebaseStorage in Frameworks */ = {isa = PBXBuildFile; productRef = 9E8A7CA42CEF07090050D4DA /* FirebaseStorage */; };
		9E8A7CA72CEF0F870050D4DA /* AuthManager.swift in Sources */ = {isa = PBXBuildFile; fileRef = 9E8A7CA62CEF0F870050D4DA /* AuthManager.swift */; };
		9E91F28A2CDCFCC6003CA0C1 /* ProposeActivityList.swift in Sources */ = {isa = PBXBuildFile; fileRef = 9E91F2892CDCFCC6003CA0C1 /* ProposeActivityList.swift */; };
		9EA917E12CE20964003E145F /* EventKitManager.swift in Sources */ = {isa = PBXBuildFile; fileRef = 9EA917E02CE20964003E145F /* EventKitManager.swift */; };
		9EA917E42CE209F1003E145F /* LocationManager.swift in Sources */ = {isa = PBXBuildFile; fileRef = 9EA917E32CE209F1003E145F /* LocationManager.swift */; };
		9EAC123F2CD89CB2002A84A0 /* EditGroupView.swift in Sources */ = {isa = PBXBuildFile; fileRef = 9EAC123E2CD89CB2002A84A0 /* EditGroupView.swift */; };
		9EAC12412CD8AB9A002A84A0 /* LocationSearchView.swift in Sources */ = {isa = PBXBuildFile; fileRef = 9EAC12402CD8AB9A002A84A0 /* LocationSearchView.swift */; };
		9EAEF7CB2CECB4AE0080A09D /* UserGroup.swift in Sources */ = {isa = PBXBuildFile; fileRef = 9EAEF7CA2CECB4AE0080A09D /* UserGroup.swift */; };
		9EAEF7CE2CECB54A0080A09D /* FirebaseGroupViewModel.swift in Sources */ = {isa = PBXBuildFile; fileRef = 9EAEF7CD2CECB54A0080A09D /* FirebaseGroupViewModel.swift */; };
		9EAEF7D02CECB68A0080A09D /* ActivityData.swift in Sources */ = {isa = PBXBuildFile; fileRef = 9EAEF7CF2CECB68A0080A09D /* ActivityData.swift */; };
		9EAEF7D22CECBD2C0080A09D /* ProposeActivitiesViewModel.swift in Sources */ = {isa = PBXBuildFile; fileRef = 9EAEF7D12CECBD2C0080A09D /* ProposeActivitiesViewModel.swift */; };
		9EAEF7D42CECBE0F0080A09D /* GroupEvent.swift in Sources */ = {isa = PBXBuildFile; fileRef = 9EAEF7D32CECBE0F0080A09D /* GroupEvent.swift */; };
		9EAEF7D62CECBE550080A09D /* ActivitiesViewModel.swift in Sources */ = {isa = PBXBuildFile; fileRef = 9EAEF7D52CECBE550080A09D /* ActivitiesViewModel.swift */; };
		9EAEF7DA2CECC1280080A09D /* Task.swift in Sources */ = {isa = PBXBuildFile; fileRef = 9EAEF7D92CECC1280080A09D /* Task.swift */; };
		9EAEF7DC2CECC1610080A09D /* Note.swift in Sources */ = {isa = PBXBuildFile; fileRef = 9EAEF7DB2CECC1610080A09D /* Note.swift */; };
		9EAEF7DE2CECC1740080A09D /* TeamGroup.swift in Sources */ = {isa = PBXBuildFile; fileRef = 9EAEF7DD2CECC1740080A09D /* TeamGroup.swift */; };
		9EAEF7E02CECC1C00080A09D /* TeamMember.swift in Sources */ = {isa = PBXBuildFile; fileRef = 9EAEF7DF2CECC1C00080A09D /* TeamMember.swift */; };
		9EAEF7E22CECC1D90080A09D /* ActivityViewModel.swift in Sources */ = {isa = PBXBuildFile; fileRef = 9EAEF7E12CECC1D90080A09D /* ActivityViewModel.swift */; };
		9EAEF7E42CECC28C0080A09D /* Activity.swift in Sources */ = {isa = PBXBuildFile; fileRef = 9EAEF7E32CECC28C0080A09D /* Activity.swift */; };
		9EAEF7E62CECC4130080A09D /* ActivityChatViewModel.swift in Sources */ = {isa = PBXBuildFile; fileRef = 9EAEF7E52CECC4130080A09D /* ActivityChatViewModel.swift */; };
		9EAEF7E82CECC4460080A09D /* ChatMessage.swift in Sources */ = {isa = PBXBuildFile; fileRef = 9EAEF7E72CECC4460080A09D /* ChatMessage.swift */; };
		9EAEF7EA2CECC5240080A09D /* GroupDetailViewModel.swift in Sources */ = {isa = PBXBuildFile; fileRef = 9EAEF7E92CECC5240080A09D /* GroupDetailViewModel.swift */; };
		9EAEF7EC2CECC5D20080A09D /* GroupMember.swift in Sources */ = {isa = PBXBuildFile; fileRef = 9EAEF7EB2CECC5D20080A09D /* GroupMember.swift */; };
		9EAEF7EF2CECC7070080A09D /* ProposeActivity.swift in Sources */ = {isa = PBXBuildFile; fileRef = 9EAEF7EE2CECC7070080A09D /* ProposeActivity.swift */; };
		9EAEF7F12CECC72D0080A09D /* ProposeLocation.swift in Sources */ = {isa = PBXBuildFile; fileRef = 9EAEF7F02CECC72D0080A09D /* ProposeLocation.swift */; };
		9EAEF7F32CECC7490080A09D /* VoteSubmission.swift in Sources */ = {isa = PBXBuildFile; fileRef = 9EAEF7F22CECC7490080A09D /* VoteSubmission.swift */; };
		9EAEF7F52CECC76B0080A09D /* VotingProposeActivityViewModel.swift in Sources */ = {isa = PBXBuildFile; fileRef = 9EAEF7F42CECC76B0080A09D /* VotingProposeActivityViewModel.swift */; };
		9EAEF7F72CECC8980080A09D /* HomeGroupModel.swift in Sources */ = {isa = PBXBuildFile; fileRef = 9EAEF7F62CECC8980080A09D /* HomeGroupModel.swift */; };
		9EAEF7F92CECC8B20080A09D /* HomeProposeActivityModel.swift in Sources */ = {isa = PBXBuildFile; fileRef = 9EAEF7F82CECC8B20080A09D /* HomeProposeActivityModel.swift */; };
		9EAEF7FB2CECC8E10080A09D /* HomeViewModel.swift in Sources */ = {isa = PBXBuildFile; fileRef = 9EAEF7FA2CECC8E10080A09D /* HomeViewModel.swift */; };
		9EAEF7FD2CECD0CC0080A09D /* Members.swift in Sources */ = {isa = PBXBuildFile; fileRef = 9EAEF7FC2CECD0CB0080A09D /* Members.swift */; };
		9EAF89602CED9FAE001242CE /* NotificationItem.swift in Sources */ = {isa = PBXBuildFile; fileRef = 9EAF895F2CED9FAE001242CE /* NotificationItem.swift */; };
		9EAF89622CEDAE91001242CE /* NotificationManager.swift in Sources */ = {isa = PBXBuildFile; fileRef = 9EAF89612CEDAE91001242CE /* NotificationManager.swift */; };
		9EB3FB6C2CE0875B00E6D6EA /* BiometricManager.swift in Sources */ = {isa = PBXBuildFile; fileRef = 9EB3FB6B2CE0875B00E6D6EA /* BiometricManager.swift */; };
		9EB740112CE362C90043E809 /* MyAccountEditView.swift in Sources */ = {isa = PBXBuildFile; fileRef = 9EB740102CE362C90043E809 /* MyAccountEditView.swift */; };
		9EBDA9AB2CEB0E6800A8205D /* FirebaseStorage in Frameworks */ = {isa = PBXBuildFile; productRef = 9EBDA9AA2CEB0E6800A8205D /* FirebaseStorage */; };
		9EBDA9AE2CEB11BF00A8205D /* SDWebImageSwiftUI in Frameworks */ = {isa = PBXBuildFile; productRef = 9EBDA9AD2CEB11BF00A8205D /* SDWebImageSwiftUI */; };
		9EE4F0EF2CCE1199009D0F71 /* PlanMateApp.swift in Sources */ = {isa = PBXBuildFile; fileRef = 9EE4F0EE2CCE1199009D0F71 /* PlanMateApp.swift */; };
		9EE4F0F32CCE119A009D0F71 /* Assets.xcassets in Resources */ = {isa = PBXBuildFile; fileRef = 9EE4F0F22CCE119A009D0F71 /* Assets.xcassets */; };
		9EE4F0F62CCE119A009D0F71 /* Preview Assets.xcassets in Resources */ = {isa = PBXBuildFile; fileRef = 9EE4F0F52CCE119A009D0F71 /* Preview Assets.xcassets */; };
		9EE4F0F82CCE119A009D0F71 /* Persistence.swift in Sources */ = {isa = PBXBuildFile; fileRef = 9EE4F0F72CCE119A009D0F71 /* Persistence.swift */; };
		9EE4F0FB2CCE119A009D0F71 /* PlanMate.xcdatamodeld in Sources */ = {isa = PBXBuildFile; fileRef = 9EE4F0F92CCE119A009D0F71 /* PlanMate.xcdatamodeld */; };
		9EE4F1052CCE119A009D0F71 /* PlanMateTests.swift in Sources */ = {isa = PBXBuildFile; fileRef = 9EE4F1042CCE119A009D0F71 /* PlanMateTests.swift */; };
		9EE4F10F2CCE119A009D0F71 /* PlanMateUITests.swift in Sources */ = {isa = PBXBuildFile; fileRef = 9EE4F10E2CCE119A009D0F71 /* PlanMateUITests.swift */; };
		9EE4F1112CCE119A009D0F71 /* PlanMateUITestsLaunchTests.swift in Sources */ = {isa = PBXBuildFile; fileRef = 9EE4F1102CCE119A009D0F71 /* PlanMateUITestsLaunchTests.swift */; };
		9EE4F11E2CCE1592009D0F71 /* SplashScreenView.swift in Sources */ = {isa = PBXBuildFile; fileRef = 9EE4F11D2CCE1592009D0F71 /* SplashScreenView.swift */; };
		9EE4F1202CCE17B2009D0F71 /* OnboardingView.swift in Sources */ = {isa = PBXBuildFile; fileRef = 9EE4F11F2CCE17B2009D0F71 /* OnboardingView.swift */; };
		9EE4F1222CCE1A78009D0F71 /* GetstartedView.swift in Sources */ = {isa = PBXBuildFile; fileRef = 9EE4F1212CCE1A78009D0F71 /* GetstartedView.swift */; };
		9EE4F1242CCE2634009D0F71 /* RegisterView.swift in Sources */ = {isa = PBXBuildFile; fileRef = 9EE4F1232CCE2634009D0F71 /* RegisterView.swift */; };
		9EE4F1262CCE2B96009D0F71 /* SignInView.swift in Sources */ = {isa = PBXBuildFile; fileRef = 9EE4F1252CCE2B96009D0F71 /* SignInView.swift */; };
		9EE7D7382CD9E04F00F7602D /* FirebaseAuth in Frameworks */ = {isa = PBXBuildFile; productRef = 9EE7D7372CD9E04F00F7602D /* FirebaseAuth */; };
		9EE7D73A2CD9E04F00F7602D /* FirebaseDatabase in Frameworks */ = {isa = PBXBuildFile; productRef = 9EE7D7392CD9E04F00F7602D /* FirebaseDatabase */; };
		9EE7D73D2CDA0CB800F7602D /* AppDelegate.swift in Sources */ = {isa = PBXBuildFile; fileRef = 9EE7D73C2CDA0CB800F7602D /* AppDelegate.swift */; };
		9EE7D73F2CDA152A00F7602D /* GoogleService-Info.plist in Resources */ = {isa = PBXBuildFile; fileRef = 9EE7D73E2CDA152A00F7602D /* GoogleService-Info.plist */; };
		9EE7D7422CDA15B800F7602D /* GoogleSignIn in Frameworks */ = {isa = PBXBuildFile; productRef = 9EE7D7412CDA15B800F7602D /* GoogleSignIn */; };
		9EE7D7442CDA15B800F7602D /* GoogleSignInSwift in Frameworks */ = {isa = PBXBuildFile; productRef = 9EE7D7432CDA15B800F7602D /* GoogleSignInSwift */; };
		9EE7D7462CDA544B00F7602D /* FirebaseFirestore in Frameworks */ = {isa = PBXBuildFile; productRef = 9EE7D7452CDA544B00F7602D /* FirebaseFirestore */; };
		9EE971D72CCF582500108C12 /* FindAccountView.swift in Sources */ = {isa = PBXBuildFile; fileRef = 9EE971D62CCF582500108C12 /* FindAccountView.swift */; };
		9EE971DB2CCF5C4E00108C12 /* HomeView.swift in Sources */ = {isa = PBXBuildFile; fileRef = 9EE971DA2CCF5C4E00108C12 /* HomeView.swift */; };
		9EE971DD2CCF60B300108C12 /* MainHomeView.swift in Sources */ = {isa = PBXBuildFile; fileRef = 9EE971DC2CCF60B300108C12 /* MainHomeView.swift */; };
		9EE971DF2CCF6A2D00108C12 /* CalendarView.swift in Sources */ = {isa = PBXBuildFile; fileRef = 9EE971DE2CCF6A2D00108C12 /* CalendarView.swift */; };
		9EE971E12CCF6B0200108C12 /* CreateActivityView.swift in Sources */ = {isa = PBXBuildFile; fileRef = 9EE971E02CCF6B0200108C12 /* CreateActivityView.swift */; };
		9EE971E32CCF6DB500108C12 /* CreateGroupView.swift in Sources */ = {isa = PBXBuildFile; fileRef = 9EE971E22CCF6DB500108C12 /* CreateGroupView.swift */; };
		9EE971E52CCF6E5500108C12 /* JoinGroupView.swift in Sources */ = {isa = PBXBuildFile; fileRef = 9EE971E42CCF6E5500108C12 /* JoinGroupView.swift */; };
		9EE971E72CCF6E9900108C12 /* ActivityListView.swift in Sources */ = {isa = PBXBuildFile; fileRef = 9EE971E62CCF6E9900108C12 /* ActivityListView.swift */; };
		9EE971E92CCF72EE00108C12 /* ActivityDetailView.swift in Sources */ = {isa = PBXBuildFile; fileRef = 9EE971E82CCF72EE00108C12 /* ActivityDetailView.swift */; };
		9EE971EB2CCF8A1200108C12 /* GroupListView.swift in Sources */ = {isa = PBXBuildFile; fileRef = 9EE971EA2CCF8A1200108C12 /* GroupListView.swift */; };
		9EE971ED2CCF8C4000108C12 /* GroupDetailView.swift in Sources */ = {isa = PBXBuildFile; fileRef = 9EE971EC2CCF8C4000108C12 /* GroupDetailView.swift */; };
		9EE971EF2CCF8E5800108C12 /* ProposeActivityView.swift in Sources */ = {isa = PBXBuildFile; fileRef = 9EE971EE2CCF8E5800108C12 /* ProposeActivityView.swift */; };
		9EE971F12CCF916900108C12 /* VotingProposeActivityView.swift in Sources */ = {isa = PBXBuildFile; fileRef = 9EE971F02CCF916900108C12 /* VotingProposeActivityView.swift */; };
		9EE971F52CCF945600108C12 /* MyAccountView.swift in Sources */ = {isa = PBXBuildFile; fileRef = 9EE971F42CCF945600108C12 /* MyAccountView.swift */; };
		9EED9E492CDCB9D6003543E7 /* FirebaseCore in Frameworks */ = {isa = PBXBuildFile; productRef = 9EED9E482CDCB9D6003543E7 /* FirebaseCore */; };
		9EED9E4B2CDCB9D6003543E7 /* FirebaseFirestore in Frameworks */ = {isa = PBXBuildFile; productRef = 9EED9E4A2CDCB9D6003543E7 /* FirebaseFirestore */; };
/* End PBXBuildFile section */

/* Begin PBXContainerItemProxy section */
		9EE4F1012CCE119A009D0F71 /* PBXContainerItemProxy */ = {
			isa = PBXContainerItemProxy;
			containerPortal = 9EE4F0E32CCE1199009D0F71 /* Project object */;
			proxyType = 1;
			remoteGlobalIDString = 9EE4F0EA2CCE1199009D0F71;
			remoteInfo = PlanMate;
		};
		9EE4F10B2CCE119A009D0F71 /* PBXContainerItemProxy */ = {
			isa = PBXContainerItemProxy;
			containerPortal = 9EE4F0E32CCE1199009D0F71 /* Project object */;
			proxyType = 1;
			remoteGlobalIDString = 9EE4F0EA2CCE1199009D0F71;
			remoteInfo = PlanMate;
		};
/* End PBXContainerItemProxy section */

/* Begin PBXFileReference section */
		9E0981002CE38D38005E715C /* AppStateManager.swift */ = {isa = PBXFileReference; lastKnownFileType = sourcecode.swift; path = AppStateManager.swift; sourceTree = "<group>"; };
		9E1DB5672CD6183C008639AB /* NotificationsView.swift */ = {isa = PBXFileReference; lastKnownFileType = sourcecode.swift; path = NotificationsView.swift; sourceTree = "<group>"; };
		9E22DE712CE893A7008CD0D1 /* KeychainManager.swift */ = {isa = PBXFileReference; lastKnownFileType = sourcecode.swift; path = KeychainManager.swift; sourceTree = "<group>"; };
		9E22DE732CE8D099008CD0D1 /* CoreDataManager.swift */ = {isa = PBXFileReference; lastKnownFileType = sourcecode.swift; path = CoreDataManager.swift; sourceTree = "<group>"; };
		9E8A7CA62CEF0F870050D4DA /* AuthManager.swift */ = {isa = PBXFileReference; lastKnownFileType = sourcecode.swift; path = AuthManager.swift; sourceTree = "<group>"; };
		9E91F2892CDCFCC6003CA0C1 /* ProposeActivityList.swift */ = {isa = PBXFileReference; lastKnownFileType = sourcecode.swift; path = ProposeActivityList.swift; sourceTree = "<group>"; };
		9EA917E02CE20964003E145F /* EventKitManager.swift */ = {isa = PBXFileReference; lastKnownFileType = sourcecode.swift; path = EventKitManager.swift; sourceTree = "<group>"; };
		9EA917E32CE209F1003E145F /* LocationManager.swift */ = {isa = PBXFileReference; lastKnownFileType = sourcecode.swift; path = LocationManager.swift; sourceTree = "<group>"; };
		9EAC123E2CD89CB2002A84A0 /* EditGroupView.swift */ = {isa = PBXFileReference; lastKnownFileType = sourcecode.swift; path = EditGroupView.swift; sourceTree = "<group>"; };
		9EAC12402CD8AB9A002A84A0 /* LocationSearchView.swift */ = {isa = PBXFileReference; lastKnownFileType = sourcecode.swift; path = LocationSearchView.swift; sourceTree = "<group>"; };
		9EAC12422CD8BFA3002A84A0 /* Info.plist */ = {isa = PBXFileReference; lastKnownFileType = text.plist; path = Info.plist; sourceTree = "<group>"; };
		9EAEF7CA2CECB4AE0080A09D /* UserGroup.swift */ = {isa = PBXFileReference; lastKnownFileType = sourcecode.swift; path = UserGroup.swift; sourceTree = "<group>"; };
		9EAEF7CD2CECB54A0080A09D /* FirebaseGroupViewModel.swift */ = {isa = PBXFileReference; lastKnownFileType = sourcecode.swift; path = FirebaseGroupViewModel.swift; sourceTree = "<group>"; };
		9EAEF7CF2CECB68A0080A09D /* ActivityData.swift */ = {isa = PBXFileReference; lastKnownFileType = sourcecode.swift; path = ActivityData.swift; sourceTree = "<group>"; };
		9EAEF7D12CECBD2C0080A09D /* ProposeActivitiesViewModel.swift */ = {isa = PBXFileReference; lastKnownFileType = sourcecode.swift; path = ProposeActivitiesViewModel.swift; sourceTree = "<group>"; };
		9EAEF7D32CECBE0F0080A09D /* GroupEvent.swift */ = {isa = PBXFileReference; lastKnownFileType = sourcecode.swift; path = GroupEvent.swift; sourceTree = "<group>"; };
		9EAEF7D52CECBE550080A09D /* ActivitiesViewModel.swift */ = {isa = PBXFileReference; lastKnownFileType = sourcecode.swift; path = ActivitiesViewModel.swift; sourceTree = "<group>"; };
		9EAEF7D92CECC1280080A09D /* Task.swift */ = {isa = PBXFileReference; lastKnownFileType = sourcecode.swift; path = Task.swift; sourceTree = "<group>"; };
		9EAEF7DB2CECC1610080A09D /* Note.swift */ = {isa = PBXFileReference; lastKnownFileType = sourcecode.swift; path = Note.swift; sourceTree = "<group>"; };
		9EAEF7DD2CECC1740080A09D /* TeamGroup.swift */ = {isa = PBXFileReference; lastKnownFileType = sourcecode.swift; path = TeamGroup.swift; sourceTree = "<group>"; };
		9EAEF7DF2CECC1C00080A09D /* TeamMember.swift */ = {isa = PBXFileReference; lastKnownFileType = sourcecode.swift; path = TeamMember.swift; sourceTree = "<group>"; };
		9EAEF7E12CECC1D90080A09D /* ActivityViewModel.swift */ = {isa = PBXFileReference; lastKnownFileType = sourcecode.swift; path = ActivityViewModel.swift; sourceTree = "<group>"; };
		9EAEF7E32CECC28C0080A09D /* Activity.swift */ = {isa = PBXFileReference; lastKnownFileType = sourcecode.swift; path = Activity.swift; sourceTree = "<group>"; };
		9EAEF7E52CECC4130080A09D /* ActivityChatViewModel.swift */ = {isa = PBXFileReference; lastKnownFileType = sourcecode.swift; path = ActivityChatViewModel.swift; sourceTree = "<group>"; };
		9EAEF7E72CECC4460080A09D /* ChatMessage.swift */ = {isa = PBXFileReference; lastKnownFileType = sourcecode.swift; path = ChatMessage.swift; sourceTree = "<group>"; };
		9EAEF7E92CECC5240080A09D /* GroupDetailViewModel.swift */ = {isa = PBXFileReference; lastKnownFileType = sourcecode.swift; path = GroupDetailViewModel.swift; sourceTree = "<group>"; };
		9EAEF7EB2CECC5D20080A09D /* GroupMember.swift */ = {isa = PBXFileReference; lastKnownFileType = sourcecode.swift; path = GroupMember.swift; sourceTree = "<group>"; };
		9EAEF7EE2CECC7070080A09D /* ProposeActivity.swift */ = {isa = PBXFileReference; lastKnownFileType = sourcecode.swift; path = ProposeActivity.swift; sourceTree = "<group>"; };
		9EAEF7F02CECC72D0080A09D /* ProposeLocation.swift */ = {isa = PBXFileReference; lastKnownFileType = sourcecode.swift; path = ProposeLocation.swift; sourceTree = "<group>"; };
		9EAEF7F22CECC7490080A09D /* VoteSubmission.swift */ = {isa = PBXFileReference; lastKnownFileType = sourcecode.swift; path = VoteSubmission.swift; sourceTree = "<group>"; };
		9EAEF7F42CECC76B0080A09D /* VotingProposeActivityViewModel.swift */ = {isa = PBXFileReference; lastKnownFileType = sourcecode.swift; path = VotingProposeActivityViewModel.swift; sourceTree = "<group>"; };
		9EAEF7F62CECC8980080A09D /* HomeGroupModel.swift */ = {isa = PBXFileReference; lastKnownFileType = sourcecode.swift; path = HomeGroupModel.swift; sourceTree = "<group>"; };
		9EAEF7F82CECC8B20080A09D /* HomeProposeActivityModel.swift */ = {isa = PBXFileReference; lastKnownFileType = sourcecode.swift; path = HomeProposeActivityModel.swift; sourceTree = "<group>"; };
		9EAEF7FA2CECC8E10080A09D /* HomeViewModel.swift */ = {isa = PBXFileReference; lastKnownFileType = sourcecode.swift; path = HomeViewModel.swift; sourceTree = "<group>"; };
		9EAEF7FC2CECD0CB0080A09D /* Members.swift */ = {isa = PBXFileReference; lastKnownFileType = sourcecode.swift; path = Members.swift; sourceTree = "<group>"; };
		9EAF895F2CED9FAE001242CE /* NotificationItem.swift */ = {isa = PBXFileReference; lastKnownFileType = sourcecode.swift; path = NotificationItem.swift; sourceTree = "<group>"; };
		9EAF89612CEDAE91001242CE /* NotificationManager.swift */ = {isa = PBXFileReference; lastKnownFileType = sourcecode.swift; path = NotificationManager.swift; sourceTree = "<group>"; };
		9EB3FB6B2CE0875B00E6D6EA /* BiometricManager.swift */ = {isa = PBXFileReference; lastKnownFileType = sourcecode.swift; path = BiometricManager.swift; sourceTree = "<group>"; };
		9EB740102CE362C90043E809 /* MyAccountEditView.swift */ = {isa = PBXFileReference; lastKnownFileType = sourcecode.swift; path = MyAccountEditView.swift; sourceTree = "<group>"; };
		9EE4F0EB2CCE1199009D0F71 /* PlanMate.app */ = {isa = PBXFileReference; explicitFileType = wrapper.application; includeInIndex = 0; path = PlanMate.app; sourceTree = BUILT_PRODUCTS_DIR; };
		9EE4F0EE2CCE1199009D0F71 /* PlanMateApp.swift */ = {isa = PBXFileReference; lastKnownFileType = sourcecode.swift; path = PlanMateApp.swift; sourceTree = "<group>"; };
		9EE4F0F22CCE119A009D0F71 /* Assets.xcassets */ = {isa = PBXFileReference; lastKnownFileType = folder.assetcatalog; path = Assets.xcassets; sourceTree = "<group>"; };
		9EE4F0F52CCE119A009D0F71 /* Preview Assets.xcassets */ = {isa = PBXFileReference; lastKnownFileType = folder.assetcatalog; path = "Preview Assets.xcassets"; sourceTree = "<group>"; };
		9EE4F0F72CCE119A009D0F71 /* Persistence.swift */ = {isa = PBXFileReference; lastKnownFileType = sourcecode.swift; path = Persistence.swift; sourceTree = "<group>"; };
		9EE4F0FA2CCE119A009D0F71 /* PlanMate.xcdatamodel */ = {isa = PBXFileReference; lastKnownFileType = wrapper.xcdatamodel; path = PlanMate.xcdatamodel; sourceTree = "<group>"; };
		9EE4F1002CCE119A009D0F71 /* PlanMateTests.xctest */ = {isa = PBXFileReference; explicitFileType = wrapper.cfbundle; includeInIndex = 0; path = PlanMateTests.xctest; sourceTree = BUILT_PRODUCTS_DIR; };
		9EE4F1042CCE119A009D0F71 /* PlanMateTests.swift */ = {isa = PBXFileReference; lastKnownFileType = sourcecode.swift; path = PlanMateTests.swift; sourceTree = "<group>"; };
		9EE4F10A2CCE119A009D0F71 /* PlanMateUITests.xctest */ = {isa = PBXFileReference; explicitFileType = wrapper.cfbundle; includeInIndex = 0; path = PlanMateUITests.xctest; sourceTree = BUILT_PRODUCTS_DIR; };
		9EE4F10E2CCE119A009D0F71 /* PlanMateUITests.swift */ = {isa = PBXFileReference; lastKnownFileType = sourcecode.swift; path = PlanMateUITests.swift; sourceTree = "<group>"; };
		9EE4F1102CCE119A009D0F71 /* PlanMateUITestsLaunchTests.swift */ = {isa = PBXFileReference; lastKnownFileType = sourcecode.swift; path = PlanMateUITestsLaunchTests.swift; sourceTree = "<group>"; };
		9EE4F11D2CCE1592009D0F71 /* SplashScreenView.swift */ = {isa = PBXFileReference; lastKnownFileType = sourcecode.swift; path = SplashScreenView.swift; sourceTree = "<group>"; };
		9EE4F11F2CCE17B2009D0F71 /* OnboardingView.swift */ = {isa = PBXFileReference; lastKnownFileType = sourcecode.swift; path = OnboardingView.swift; sourceTree = "<group>"; };
		9EE4F1212CCE1A78009D0F71 /* GetstartedView.swift */ = {isa = PBXFileReference; lastKnownFileType = sourcecode.swift; path = GetstartedView.swift; sourceTree = "<group>"; };
		9EE4F1232CCE2634009D0F71 /* RegisterView.swift */ = {isa = PBXFileReference; lastKnownFileType = sourcecode.swift; path = RegisterView.swift; sourceTree = "<group>"; };
		9EE4F1252CCE2B96009D0F71 /* SignInView.swift */ = {isa = PBXFileReference; lastKnownFileType = sourcecode.swift; path = SignInView.swift; sourceTree = "<group>"; };
		9EE7D73B2CD9E36A00F7602D /* PlanMate.entitlements */ = {isa = PBXFileReference; lastKnownFileType = text.plist.entitlements; path = PlanMate.entitlements; sourceTree = "<group>"; };
		9EE7D73C2CDA0CB800F7602D /* AppDelegate.swift */ = {isa = PBXFileReference; lastKnownFileType = sourcecode.swift; path = AppDelegate.swift; sourceTree = "<group>"; };
		9EE7D73E2CDA152A00F7602D /* GoogleService-Info.plist */ = {isa = PBXFileReference; fileEncoding = 4; lastKnownFileType = text.plist.xml; name = "GoogleService-Info.plist"; path = "../../../../Downloads/GoogleService-Info.plist"; sourceTree = "<group>"; };
		9EE971D62CCF582500108C12 /* FindAccountView.swift */ = {isa = PBXFileReference; lastKnownFileType = sourcecode.swift; path = FindAccountView.swift; sourceTree = "<group>"; };
		9EE971DA2CCF5C4E00108C12 /* HomeView.swift */ = {isa = PBXFileReference; lastKnownFileType = sourcecode.swift; path = HomeView.swift; sourceTree = "<group>"; };
		9EE971DC2CCF60B300108C12 /* MainHomeView.swift */ = {isa = PBXFileReference; lastKnownFileType = sourcecode.swift; path = MainHomeView.swift; sourceTree = "<group>"; };
		9EE971DE2CCF6A2D00108C12 /* CalendarView.swift */ = {isa = PBXFileReference; lastKnownFileType = sourcecode.swift; path = CalendarView.swift; sourceTree = "<group>"; };
		9EE971E02CCF6B0200108C12 /* CreateActivityView.swift */ = {isa = PBXFileReference; lastKnownFileType = sourcecode.swift; path = CreateActivityView.swift; sourceTree = "<group>"; };
		9EE971E22CCF6DB500108C12 /* CreateGroupView.swift */ = {isa = PBXFileReference; lastKnownFileType = sourcecode.swift; path = CreateGroupView.swift; sourceTree = "<group>"; };
		9EE971E42CCF6E5500108C12 /* JoinGroupView.swift */ = {isa = PBXFileReference; lastKnownFileType = sourcecode.swift; path = JoinGroupView.swift; sourceTree = "<group>"; };
		9EE971E62CCF6E9900108C12 /* ActivityListView.swift */ = {isa = PBXFileReference; lastKnownFileType = sourcecode.swift; path = ActivityListView.swift; sourceTree = "<group>"; };
		9EE971E82CCF72EE00108C12 /* ActivityDetailView.swift */ = {isa = PBXFileReference; lastKnownFileType = sourcecode.swift; path = ActivityDetailView.swift; sourceTree = "<group>"; };
		9EE971EA2CCF8A1200108C12 /* GroupListView.swift */ = {isa = PBXFileReference; lastKnownFileType = sourcecode.swift; path = GroupListView.swift; sourceTree = "<group>"; };
		9EE971EC2CCF8C4000108C12 /* GroupDetailView.swift */ = {isa = PBXFileReference; lastKnownFileType = sourcecode.swift; path = GroupDetailView.swift; sourceTree = "<group>"; };
		9EE971EE2CCF8E5800108C12 /* ProposeActivityView.swift */ = {isa = PBXFileReference; lastKnownFileType = sourcecode.swift; path = ProposeActivityView.swift; sourceTree = "<group>"; };
		9EE971F02CCF916900108C12 /* VotingProposeActivityView.swift */ = {isa = PBXFileReference; lastKnownFileType = sourcecode.swift; path = VotingProposeActivityView.swift; sourceTree = "<group>"; };
		9EE971F42CCF945600108C12 /* MyAccountView.swift */ = {isa = PBXFileReference; lastKnownFileType = sourcecode.swift; path = MyAccountView.swift; sourceTree = "<group>"; };
/* End PBXFileReference section */

/* Begin PBXFrameworksBuildPhase section */
		9EE4F0E82CCE1199009D0F71 /* Frameworks */ = {
			isa = PBXFrameworksBuildPhase;
			buildActionMask = 2147483647;
			files = (
				9EE7D73A2CD9E04F00F7602D /* FirebaseDatabase in Frameworks */,
				9EE7D7382CD9E04F00F7602D /* FirebaseAuth in Frameworks */,
				9EE7D7422CDA15B800F7602D /* GoogleSignIn in Frameworks */,
				9E8A7CA32CEF07090050D4DA /* FirebaseFirestore in Frameworks */,
				9EBDA9AE2CEB11BF00A8205D /* SDWebImageSwiftUI in Frameworks */,
				9EE7D7462CDA544B00F7602D /* FirebaseFirestore in Frameworks */,
				9EED9E492CDCB9D6003543E7 /* FirebaseCore in Frameworks */,
				9EBDA9AB2CEB0E6800A8205D /* FirebaseStorage in Frameworks */,
				9E8A7CA52CEF07090050D4DA /* FirebaseStorage in Frameworks */,
				9EE7D7442CDA15B800F7602D /* GoogleSignInSwift in Frameworks */,
				9EED9E4B2CDCB9D6003543E7 /* FirebaseFirestore in Frameworks */,
			);
			runOnlyForDeploymentPostprocessing = 0;
		};
		9EE4F0FD2CCE119A009D0F71 /* Frameworks */ = {
			isa = PBXFrameworksBuildPhase;
			buildActionMask = 2147483647;
			files = (
			);
			runOnlyForDeploymentPostprocessing = 0;
		};
		9EE4F1072CCE119A009D0F71 /* Frameworks */ = {
			isa = PBXFrameworksBuildPhase;
			buildActionMask = 2147483647;
			files = (
			);
			runOnlyForDeploymentPostprocessing = 0;
		};
/* End PBXFrameworksBuildPhase section */

/* Begin PBXGroup section */
		9EA917E22CE209A9003E145F /* Managers */ = {
			isa = PBXGroup;
			children = (
				9EA917E02CE20964003E145F /* EventKitManager.swift */,
				9EB3FB6B2CE0875B00E6D6EA /* BiometricManager.swift */,
				9E0981002CE38D38005E715C /* AppStateManager.swift */,
				9EA917E32CE209F1003E145F /* LocationManager.swift */,
				9E22DE712CE893A7008CD0D1 /* KeychainManager.swift */,
				9E22DE732CE8D099008CD0D1 /* CoreDataManager.swift */,
				9EAF89612CEDAE91001242CE /* NotificationManager.swift */,
				9E8A7CA62CEF0F870050D4DA /* AuthManager.swift */,
			);
			path = Managers;
			sourceTree = "<group>";
		};
		9EAEF7C82CEC8C750080A09D /* View */ = {
			isa = PBXGroup;
			children = (
				9EE4F11D2CCE1592009D0F71 /* SplashScreenView.swift */,
				9EE4F11F2CCE17B2009D0F71 /* OnboardingView.swift */,
				9EE4F1212CCE1A78009D0F71 /* GetstartedView.swift */,
				9EE4F1252CCE2B96009D0F71 /* SignInView.swift */,
				9EE4F1232CCE2634009D0F71 /* RegisterView.swift */,
				9EE971D62CCF582500108C12 /* FindAccountView.swift */,
				9EE971DA2CCF5C4E00108C12 /* HomeView.swift */,
				9EE971F42CCF945600108C12 /* MyAccountView.swift */,
				9EB740102CE362C90043E809 /* MyAccountEditView.swift */,
				9E1DB5672CD6183C008639AB /* NotificationsView.swift */,
				9EE971E22CCF6DB500108C12 /* CreateGroupView.swift */,
				9EE971E42CCF6E5500108C12 /* JoinGroupView.swift */,
				9EAC123E2CD89CB2002A84A0 /* EditGroupView.swift */,
				9EE971DE2CCF6A2D00108C12 /* CalendarView.swift */,
				9EE971E02CCF6B0200108C12 /* CreateActivityView.swift */,
				9EAC12402CD8AB9A002A84A0 /* LocationSearchView.swift */,
				9EE971EA2CCF8A1200108C12 /* GroupListView.swift */,
				9E91F2892CDCFCC6003CA0C1 /* ProposeActivityList.swift */,
				9EE971E62CCF6E9900108C12 /* ActivityListView.swift */,
				9EE971E82CCF72EE00108C12 /* ActivityDetailView.swift */,
				9EE971EC2CCF8C4000108C12 /* GroupDetailView.swift */,
				9EE971EE2CCF8E5800108C12 /* ProposeActivityView.swift */,
				9EE971F02CCF916900108C12 /* VotingProposeActivityView.swift */,
			);
			path = View;
			sourceTree = "<group>";
		};
		9EAEF7C92CECACDD0080A09D /* Model */ = {
			isa = PBXGroup;
			children = (
				9EAEF7ED2CECC6B40080A09D /* VotingProposeActivityModel */,
				9EAEF7D82CECC1160080A09D /* CreateActivityModel */,
				9EAEF7CA2CECB4AE0080A09D /* UserGroup.swift */,
				9EAEF7CF2CECB68A0080A09D /* ActivityData.swift */,
				9EAEF7D32CECBE0F0080A09D /* GroupEvent.swift */,
				9EAEF7E32CECC28C0080A09D /* Activity.swift */,
				9EAEF7E72CECC4460080A09D /* ChatMessage.swift */,
				9EAEF7EB2CECC5D20080A09D /* GroupMember.swift */,
				9EAEF7F62CECC8980080A09D /* HomeGroupModel.swift */,
				9EAEF7F82CECC8B20080A09D /* HomeProposeActivityModel.swift */,
				9EAEF7FC2CECD0CB0080A09D /* Members.swift */,
				9EAF895F2CED9FAE001242CE /* NotificationItem.swift */,
			);
			path = Model;
			sourceTree = "<group>";
		};
		9EAEF7CC2CECB5150080A09D /* ViewModel */ = {
			isa = PBXGroup;
			children = (
				9EAEF7CD2CECB54A0080A09D /* FirebaseGroupViewModel.swift */,
				9EAEF7D12CECBD2C0080A09D /* ProposeActivitiesViewModel.swift */,
				9EAEF7D52CECBE550080A09D /* ActivitiesViewModel.swift */,
				9EAEF7E12CECC1D90080A09D /* ActivityViewModel.swift */,
				9EAEF7E52CECC4130080A09D /* ActivityChatViewModel.swift */,
				9EAEF7E92CECC5240080A09D /* GroupDetailViewModel.swift */,
				9EAEF7F42CECC76B0080A09D /* VotingProposeActivityViewModel.swift */,
				9EAEF7FA2CECC8E10080A09D /* HomeViewModel.swift */,
			);
			path = ViewModel;
			sourceTree = "<group>";
		};
		9EAEF7D82CECC1160080A09D /* CreateActivityModel */ = {
			isa = PBXGroup;
			children = (
				9EAEF7D92CECC1280080A09D /* Task.swift */,
				9EAEF7DB2CECC1610080A09D /* Note.swift */,
				9EAEF7DD2CECC1740080A09D /* TeamGroup.swift */,
				9EAEF7DF2CECC1C00080A09D /* TeamMember.swift */,
			);
			path = CreateActivityModel;
			sourceTree = "<group>";
		};
		9EAEF7ED2CECC6B40080A09D /* VotingProposeActivityModel */ = {
			isa = PBXGroup;
			children = (
				9EAEF7EE2CECC7070080A09D /* ProposeActivity.swift */,
				9EAEF7F02CECC72D0080A09D /* ProposeLocation.swift */,
				9EAEF7F22CECC7490080A09D /* VoteSubmission.swift */,
			);
			path = VotingProposeActivityModel;
			sourceTree = "<group>";
		};
		9EE4F0E22CCE1199009D0F71 = {
			isa = PBXGroup;
			children = (
				9EE4F0ED2CCE1199009D0F71 /* PlanMate */,
				9EE4F1032CCE119A009D0F71 /* PlanMateTests */,
				9EE4F10D2CCE119A009D0F71 /* PlanMateUITests */,
				9EE4F0EC2CCE1199009D0F71 /* Products */,
			);
			sourceTree = "<group>";
		};
		9EE4F0EC2CCE1199009D0F71 /* Products */ = {
			isa = PBXGroup;
			children = (
				9EE4F0EB2CCE1199009D0F71 /* PlanMate.app */,
				9EE4F1002CCE119A009D0F71 /* PlanMateTests.xctest */,
				9EE4F10A2CCE119A009D0F71 /* PlanMateUITests.xctest */,
			);
			name = Products;
			sourceTree = "<group>";
		};
		9EE4F0ED2CCE1199009D0F71 /* PlanMate */ = {
			isa = PBXGroup;
			children = (
				9EE7D73B2CD9E36A00F7602D /* PlanMate.entitlements */,
				9EAC12422CD8BFA3002A84A0 /* Info.plist */,
				9EE7D73E2CDA152A00F7602D /* GoogleService-Info.plist */,
				9EE4F0EE2CCE1199009D0F71 /* PlanMateApp.swift */,
				9EE7D73C2CDA0CB800F7602D /* AppDelegate.swift */,
				9EE971DC2CCF60B300108C12 /* MainHomeView.swift */,
				9EA917E22CE209A9003E145F /* Managers */,
				9EAEF7C92CECACDD0080A09D /* Model */,
				9EAEF7C82CEC8C750080A09D /* View */,
				9EAEF7CC2CECB5150080A09D /* ViewModel */,
				9EE4F0F22CCE119A009D0F71 /* Assets.xcassets */,
				9EE4F0F72CCE119A009D0F71 /* Persistence.swift */,
				9EE4F0F92CCE119A009D0F71 /* PlanMate.xcdatamodeld */,
				9EE4F0F42CCE119A009D0F71 /* Preview Content */,
			);
			path = PlanMate;
			sourceTree = "<group>";
		};
		9EE4F0F42CCE119A009D0F71 /* Preview Content */ = {
			isa = PBXGroup;
			children = (
				9EE4F0F52CCE119A009D0F71 /* Preview Assets.xcassets */,
			);
			path = "Preview Content";
			sourceTree = "<group>";
		};
		9EE4F1032CCE119A009D0F71 /* PlanMateTests */ = {
			isa = PBXGroup;
			children = (
				9EE4F1042CCE119A009D0F71 /* PlanMateTests.swift */,
			);
			path = PlanMateTests;
			sourceTree = "<group>";
		};
		9EE4F10D2CCE119A009D0F71 /* PlanMateUITests */ = {
			isa = PBXGroup;
			children = (
				9EE4F10E2CCE119A009D0F71 /* PlanMateUITests.swift */,
				9EE4F1102CCE119A009D0F71 /* PlanMateUITestsLaunchTests.swift */,
			);
			path = PlanMateUITests;
			sourceTree = "<group>";
		};
/* End PBXGroup section */

/* Begin PBXNativeTarget section */
		9EE4F0EA2CCE1199009D0F71 /* PlanMate */ = {
			isa = PBXNativeTarget;
			buildConfigurationList = 9EE4F1142CCE119A009D0F71 /* Build configuration list for PBXNativeTarget "PlanMate" */;
			buildPhases = (
				9EE4F0E72CCE1199009D0F71 /* Sources */,
				9EE4F0E82CCE1199009D0F71 /* Frameworks */,
				9EE4F0E92CCE1199009D0F71 /* Resources */,
			);
			buildRules = (
			);
			dependencies = (
			);
			name = PlanMate;
			packageProductDependencies = (
				9EE7D7372CD9E04F00F7602D /* FirebaseAuth */,
				9EE7D7392CD9E04F00F7602D /* FirebaseDatabase */,
				9EE7D7412CDA15B800F7602D /* GoogleSignIn */,
				9EE7D7432CDA15B800F7602D /* GoogleSignInSwift */,
				9EE7D7452CDA544B00F7602D /* FirebaseFirestore */,
				9EED9E482CDCB9D6003543E7 /* FirebaseCore */,
				9EED9E4A2CDCB9D6003543E7 /* FirebaseFirestore */,
				9EBDA9AA2CEB0E6800A8205D /* FirebaseStorage */,
				9EBDA9AD2CEB11BF00A8205D /* SDWebImageSwiftUI */,
				9E8A7CA22CEF07090050D4DA /* FirebaseFirestore */,
				9E8A7CA42CEF07090050D4DA /* FirebaseStorage */,
			);
			productName = PlanMate;
			productReference = 9EE4F0EB2CCE1199009D0F71 /* PlanMate.app */;
			productType = "com.apple.product-type.application";
		};
		9EE4F0FF2CCE119A009D0F71 /* PlanMateTests */ = {
			isa = PBXNativeTarget;
			buildConfigurationList = 9EE4F1172CCE119A009D0F71 /* Build configuration list for PBXNativeTarget "PlanMateTests" */;
			buildPhases = (
				9EE4F0FC2CCE119A009D0F71 /* Sources */,
				9EE4F0FD2CCE119A009D0F71 /* Frameworks */,
				9EE4F0FE2CCE119A009D0F71 /* Resources */,
			);
			buildRules = (
			);
			dependencies = (
				9EE4F1022CCE119A009D0F71 /* PBXTargetDependency */,
			);
			name = PlanMateTests;
			productName = PlanMateTests;
			productReference = 9EE4F1002CCE119A009D0F71 /* PlanMateTests.xctest */;
			productType = "com.apple.product-type.bundle.unit-test";
		};
		9EE4F1092CCE119A009D0F71 /* PlanMateUITests */ = {
			isa = PBXNativeTarget;
			buildConfigurationList = 9EE4F11A2CCE119A009D0F71 /* Build configuration list for PBXNativeTarget "PlanMateUITests" */;
			buildPhases = (
				9EE4F1062CCE119A009D0F71 /* Sources */,
				9EE4F1072CCE119A009D0F71 /* Frameworks */,
				9EE4F1082CCE119A009D0F71 /* Resources */,
			);
			buildRules = (
			);
			dependencies = (
				9EE4F10C2CCE119A009D0F71 /* PBXTargetDependency */,
			);
			name = PlanMateUITests;
			productName = PlanMateUITests;
			productReference = 9EE4F10A2CCE119A009D0F71 /* PlanMateUITests.xctest */;
			productType = "com.apple.product-type.bundle.ui-testing";
		};
/* End PBXNativeTarget section */

/* Begin PBXProject section */
		9EE4F0E32CCE1199009D0F71 /* Project object */ = {
			isa = PBXProject;
			attributes = {
				BuildIndependentTargetsInParallel = 1;
				LastSwiftUpdateCheck = 1520;
				LastUpgradeCheck = 1520;
				TargetAttributes = {
					9EE4F0EA2CCE1199009D0F71 = {
						CreatedOnToolsVersion = 15.2;
					};
					9EE4F0FF2CCE119A009D0F71 = {
						CreatedOnToolsVersion = 15.2;
						TestTargetID = 9EE4F0EA2CCE1199009D0F71;
					};
					9EE4F1092CCE119A009D0F71 = {
						CreatedOnToolsVersion = 15.2;
						TestTargetID = 9EE4F0EA2CCE1199009D0F71;
					};
				};
			};
			buildConfigurationList = 9EE4F0E62CCE1199009D0F71 /* Build configuration list for PBXProject "PlanMate" */;
			compatibilityVersion = "Xcode 14.0";
			developmentRegion = en;
			hasScannedForEncodings = 0;
			knownRegions = (
				en,
				Base,
			);
			mainGroup = 9EE4F0E22CCE1199009D0F71;
			packageReferences = (
				9EE7D7362CD9E04F00F7602D /* XCRemoteSwiftPackageReference "firebase-ios-sdk" */,
				9EE7D7402CDA15B800F7602D /* XCRemoteSwiftPackageReference "GoogleSignIn-iOS" */,
				9EBDA9AC2CEB11BF00A8205D /* XCRemoteSwiftPackageReference "SDWebImageSwiftUI" */,
			);
			productRefGroup = 9EE4F0EC2CCE1199009D0F71 /* Products */;
			projectDirPath = "";
			projectRoot = "";
			targets = (
				9EE4F0EA2CCE1199009D0F71 /* PlanMate */,
				9EE4F0FF2CCE119A009D0F71 /* PlanMateTests */,
				9EE4F1092CCE119A009D0F71 /* PlanMateUITests */,
			);
		};
/* End PBXProject section */

/* Begin PBXResourcesBuildPhase section */
		9EE4F0E92CCE1199009D0F71 /* Resources */ = {
			isa = PBXResourcesBuildPhase;
			buildActionMask = 2147483647;
			files = (
				9EE4F0F62CCE119A009D0F71 /* Preview Assets.xcassets in Resources */,
				9EE4F0F32CCE119A009D0F71 /* Assets.xcassets in Resources */,
				9EE7D73F2CDA152A00F7602D /* GoogleService-Info.plist in Resources */,
			);
			runOnlyForDeploymentPostprocessing = 0;
		};
		9EE4F0FE2CCE119A009D0F71 /* Resources */ = {
			isa = PBXResourcesBuildPhase;
			buildActionMask = 2147483647;
			files = (
			);
			runOnlyForDeploymentPostprocessing = 0;
		};
		9EE4F1082CCE119A009D0F71 /* Resources */ = {
			isa = PBXResourcesBuildPhase;
			buildActionMask = 2147483647;
			files = (
			);
			runOnlyForDeploymentPostprocessing = 0;
		};
/* End PBXResourcesBuildPhase section */

/* Begin PBXSourcesBuildPhase section */
		9EE4F0E72CCE1199009D0F71 /* Sources */ = {
			isa = PBXSourcesBuildPhase;
			buildActionMask = 2147483647;
			files = (
				9EE971EF2CCF8E5800108C12 /* ProposeActivityView.swift in Sources */,
				9E8A7CA72CEF0F870050D4DA /* AuthManager.swift in Sources */,
				9EAEF7CE2CECB54A0080A09D /* FirebaseGroupViewModel.swift in Sources */,
				9EAEF7E02CECC1C00080A09D /* TeamMember.swift in Sources */,
				9EAEF7CB2CECB4AE0080A09D /* UserGroup.swift in Sources */,
				9EE971F12CCF916900108C12 /* VotingProposeActivityView.swift in Sources */,
				9EE4F1262CCE2B96009D0F71 /* SignInView.swift in Sources */,
				9EE4F0F82CCE119A009D0F71 /* Persistence.swift in Sources */,
				9EAEF7DA2CECC1280080A09D /* Task.swift in Sources */,
				9EAC123F2CD89CB2002A84A0 /* EditGroupView.swift in Sources */,
				9E91F28A2CDCFCC6003CA0C1 /* ProposeActivityList.swift in Sources */,
				9EB740112CE362C90043E809 /* MyAccountEditView.swift in Sources */,
				9EE971DB2CCF5C4E00108C12 /* HomeView.swift in Sources */,
				9EE971D72CCF582500108C12 /* FindAccountView.swift in Sources */,
				9EE971DF2CCF6A2D00108C12 /* CalendarView.swift in Sources */,
				9EE971E72CCF6E9900108C12 /* ActivityListView.swift in Sources */,
				9EE4F11E2CCE1592009D0F71 /* SplashScreenView.swift in Sources */,
				9EAEF7F92CECC8B20080A09D /* HomeProposeActivityModel.swift in Sources */,
				9EAEF7DE2CECC1740080A09D /* TeamGroup.swift in Sources */,
				9EB3FB6C2CE0875B00E6D6EA /* BiometricManager.swift in Sources */,
				9EAEF7FD2CECD0CC0080A09D /* Members.swift in Sources */,
				9EAEF7FB2CECC8E10080A09D /* HomeViewModel.swift in Sources */,
				9EAEF7D42CECBE0F0080A09D /* GroupEvent.swift in Sources */,
				9EE4F1222CCE1A78009D0F71 /* GetstartedView.swift in Sources */,
				9E0981012CE38D38005E715C /* AppStateManager.swift in Sources */,
				9EA917E42CE209F1003E145F /* LocationManager.swift in Sources */,
				9EAEF7E42CECC28C0080A09D /* Activity.swift in Sources */,
				9EE4F1202CCE17B2009D0F71 /* OnboardingView.swift in Sources */,
				9EE4F1242CCE2634009D0F71 /* RegisterView.swift in Sources */,
				9EAEF7D02CECB68A0080A09D /* ActivityData.swift in Sources */,
				9EAEF7DC2CECC1610080A09D /* Note.swift in Sources */,
				9EE4F0EF2CCE1199009D0F71 /* PlanMateApp.swift in Sources */,
				9EAEF7EA2CECC5240080A09D /* GroupDetailViewModel.swift in Sources */,
				9EAEF7D22CECBD2C0080A09D /* ProposeActivitiesViewModel.swift in Sources */,
				9E22DE722CE893A7008CD0D1 /* KeychainManager.swift in Sources */,
				9EAEF7E62CECC4130080A09D /* ActivityChatViewModel.swift in Sources */,
				9EA917E12CE20964003E145F /* EventKitManager.swift in Sources */,
				9EE7D73D2CDA0CB800F7602D /* AppDelegate.swift in Sources */,
				9EAEF7E82CECC4460080A09D /* ChatMessage.swift in Sources */,
				9E1DB5682CD6183C008639AB /* NotificationsView.swift in Sources */,
				9E22DE742CE8D099008CD0D1 /* CoreDataManager.swift in Sources */,
				9EAEF7F72CECC8980080A09D /* HomeGroupModel.swift in Sources */,
				9EAEF7F12CECC72D0080A09D /* ProposeLocation.swift in Sources */,
				9EAF89622CEDAE91001242CE /* NotificationManager.swift in Sources */,
				9EAEF7D62CECBE550080A09D /* ActivitiesViewModel.swift in Sources */,
				9EE971DD2CCF60B300108C12 /* MainHomeView.swift in Sources */,
				9EAEF7E22CECC1D90080A09D /* ActivityViewModel.swift in Sources */,
				9EAEF7F52CECC76B0080A09D /* VotingProposeActivityViewModel.swift in Sources */,
				9EAEF7F32CECC7490080A09D /* VoteSubmission.swift in Sources */,
				9EE971E52CCF6E5500108C12 /* JoinGroupView.swift in Sources */,
				9EE971EB2CCF8A1200108C12 /* GroupListView.swift in Sources */,
				9EAC12412CD8AB9A002A84A0 /* LocationSearchView.swift in Sources */,
				9EAF89602CED9FAE001242CE /* NotificationItem.swift in Sources */,
				9EE971E32CCF6DB500108C12 /* CreateGroupView.swift in Sources */,
				9EE4F0FB2CCE119A009D0F71 /* PlanMate.xcdatamodeld in Sources */,
				9EAEF7EC2CECC5D20080A09D /* GroupMember.swift in Sources */,
				9EE971ED2CCF8C4000108C12 /* GroupDetailView.swift in Sources */,
				9EE971E92CCF72EE00108C12 /* ActivityDetailView.swift in Sources */,
				9EE971F52CCF945600108C12 /* MyAccountView.swift in Sources */,
				9EE971E12CCF6B0200108C12 /* CreateActivityView.swift in Sources */,
				9EAEF7EF2CECC7070080A09D /* ProposeActivity.swift in Sources */,
			);
			runOnlyForDeploymentPostprocessing = 0;
		};
		9EE4F0FC2CCE119A009D0F71 /* Sources */ = {
			isa = PBXSourcesBuildPhase;
			buildActionMask = 2147483647;
			files = (
				9EE4F1052CCE119A009D0F71 /* PlanMateTests.swift in Sources */,
			);
			runOnlyForDeploymentPostprocessing = 0;
		};
		9EE4F1062CCE119A009D0F71 /* Sources */ = {
			isa = PBXSourcesBuildPhase;
			buildActionMask = 2147483647;
			files = (
				9EE4F1112CCE119A009D0F71 /* PlanMateUITestsLaunchTests.swift in Sources */,
				9EE4F10F2CCE119A009D0F71 /* PlanMateUITests.swift in Sources */,
			);
			runOnlyForDeploymentPostprocessing = 0;
		};
/* End PBXSourcesBuildPhase section */

/* Begin PBXTargetDependency section */
		9EE4F1022CCE119A009D0F71 /* PBXTargetDependency */ = {
			isa = PBXTargetDependency;
			target = 9EE4F0EA2CCE1199009D0F71 /* PlanMate */;
			targetProxy = 9EE4F1012CCE119A009D0F71 /* PBXContainerItemProxy */;
		};
		9EE4F10C2CCE119A009D0F71 /* PBXTargetDependency */ = {
			isa = PBXTargetDependency;
			target = 9EE4F0EA2CCE1199009D0F71 /* PlanMate */;
			targetProxy = 9EE4F10B2CCE119A009D0F71 /* PBXContainerItemProxy */;
		};
/* End PBXTargetDependency section */

/* Begin XCBuildConfiguration section */
		9EE4F1122CCE119A009D0F71 /* Debug */ = {
			isa = XCBuildConfiguration;
			buildSettings = {
				ALWAYS_SEARCH_USER_PATHS = NO;
				ASSETCATALOG_COMPILER_GENERATE_SWIFT_ASSET_SYMBOL_EXTENSIONS = YES;
				CLANG_ANALYZER_NONNULL = YES;
				CLANG_ANALYZER_NUMBER_OBJECT_CONVERSION = YES_AGGRESSIVE;
				CLANG_CXX_LANGUAGE_STANDARD = "gnu++20";
				CLANG_ENABLE_MODULES = YES;
				CLANG_ENABLE_OBJC_ARC = YES;
				CLANG_ENABLE_OBJC_WEAK = YES;
				CLANG_WARN_BLOCK_CAPTURE_AUTORELEASING = YES;
				CLANG_WARN_BOOL_CONVERSION = YES;
				CLANG_WARN_COMMA = YES;
				CLANG_WARN_CONSTANT_CONVERSION = YES;
				CLANG_WARN_DEPRECATED_OBJC_IMPLEMENTATIONS = YES;
				CLANG_WARN_DIRECT_OBJC_ISA_USAGE = YES_ERROR;
				CLANG_WARN_DOCUMENTATION_COMMENTS = YES;
				CLANG_WARN_EMPTY_BODY = YES;
				CLANG_WARN_ENUM_CONVERSION = YES;
				CLANG_WARN_INFINITE_RECURSION = YES;
				CLANG_WARN_INT_CONVERSION = YES;
				CLANG_WARN_NON_LITERAL_NULL_CONVERSION = YES;
				CLANG_WARN_OBJC_IMPLICIT_RETAIN_SELF = YES;
				CLANG_WARN_OBJC_LITERAL_CONVERSION = YES;
				CLANG_WARN_OBJC_ROOT_CLASS = YES_ERROR;
				CLANG_WARN_QUOTED_INCLUDE_IN_FRAMEWORK_HEADER = YES;
				CLANG_WARN_RANGE_LOOP_ANALYSIS = YES;
				CLANG_WARN_STRICT_PROTOTYPES = YES;
				CLANG_WARN_SUSPICIOUS_MOVE = YES;
				CLANG_WARN_UNGUARDED_AVAILABILITY = YES_AGGRESSIVE;
				CLANG_WARN_UNREACHABLE_CODE = YES;
				CLANG_WARN__DUPLICATE_METHOD_MATCH = YES;
				COPY_PHASE_STRIP = NO;
				DEBUG_INFORMATION_FORMAT = dwarf;
				ENABLE_STRICT_OBJC_MSGSEND = YES;
				ENABLE_TESTABILITY = YES;
				ENABLE_USER_SCRIPT_SANDBOXING = YES;
				GCC_C_LANGUAGE_STANDARD = gnu17;
				GCC_DYNAMIC_NO_PIC = NO;
				GCC_NO_COMMON_BLOCKS = YES;
				GCC_OPTIMIZATION_LEVEL = 0;
				GCC_PREPROCESSOR_DEFINITIONS = (
					"DEBUG=1",
					"$(inherited)",
				);
				GCC_WARN_64_TO_32_BIT_CONVERSION = YES;
				GCC_WARN_ABOUT_RETURN_TYPE = YES_ERROR;
				GCC_WARN_UNDECLARED_SELECTOR = YES;
				GCC_WARN_UNINITIALIZED_AUTOS = YES_AGGRESSIVE;
				GCC_WARN_UNUSED_FUNCTION = YES;
				GCC_WARN_UNUSED_VARIABLE = YES;
				IPHONEOS_DEPLOYMENT_TARGET = 17.2;
				LOCALIZATION_PREFERS_STRING_CATALOGS = YES;
				MTL_ENABLE_DEBUG_INFO = INCLUDE_SOURCE;
				MTL_FAST_MATH = YES;
				ONLY_ACTIVE_ARCH = YES;
				SDKROOT = iphoneos;
				SWIFT_ACTIVE_COMPILATION_CONDITIONS = "DEBUG $(inherited)";
				SWIFT_OPTIMIZATION_LEVEL = "-Onone";
			};
			name = Debug;
		};
		9EE4F1132CCE119A009D0F71 /* Release */ = {
			isa = XCBuildConfiguration;
			buildSettings = {
				ALWAYS_SEARCH_USER_PATHS = NO;
				ASSETCATALOG_COMPILER_GENERATE_SWIFT_ASSET_SYMBOL_EXTENSIONS = YES;
				CLANG_ANALYZER_NONNULL = YES;
				CLANG_ANALYZER_NUMBER_OBJECT_CONVERSION = YES_AGGRESSIVE;
				CLANG_CXX_LANGUAGE_STANDARD = "gnu++20";
				CLANG_ENABLE_MODULES = YES;
				CLANG_ENABLE_OBJC_ARC = YES;
				CLANG_ENABLE_OBJC_WEAK = YES;
				CLANG_WARN_BLOCK_CAPTURE_AUTORELEASING = YES;
				CLANG_WARN_BOOL_CONVERSION = YES;
				CLANG_WARN_COMMA = YES;
				CLANG_WARN_CONSTANT_CONVERSION = YES;
				CLANG_WARN_DEPRECATED_OBJC_IMPLEMENTATIONS = YES;
				CLANG_WARN_DIRECT_OBJC_ISA_USAGE = YES_ERROR;
				CLANG_WARN_DOCUMENTATION_COMMENTS = YES;
				CLANG_WARN_EMPTY_BODY = YES;
				CLANG_WARN_ENUM_CONVERSION = YES;
				CLANG_WARN_INFINITE_RECURSION = YES;
				CLANG_WARN_INT_CONVERSION = YES;
				CLANG_WARN_NON_LITERAL_NULL_CONVERSION = YES;
				CLANG_WARN_OBJC_IMPLICIT_RETAIN_SELF = YES;
				CLANG_WARN_OBJC_LITERAL_CONVERSION = YES;
				CLANG_WARN_OBJC_ROOT_CLASS = YES_ERROR;
				CLANG_WARN_QUOTED_INCLUDE_IN_FRAMEWORK_HEADER = YES;
				CLANG_WARN_RANGE_LOOP_ANALYSIS = YES;
				CLANG_WARN_STRICT_PROTOTYPES = YES;
				CLANG_WARN_SUSPICIOUS_MOVE = YES;
				CLANG_WARN_UNGUARDED_AVAILABILITY = YES_AGGRESSIVE;
				CLANG_WARN_UNREACHABLE_CODE = YES;
				CLANG_WARN__DUPLICATE_METHOD_MATCH = YES;
				COPY_PHASE_STRIP = NO;
				DEBUG_INFORMATION_FORMAT = "dwarf-with-dsym";
				ENABLE_NS_ASSERTIONS = NO;
				ENABLE_STRICT_OBJC_MSGSEND = YES;
				ENABLE_USER_SCRIPT_SANDBOXING = YES;
				GCC_C_LANGUAGE_STANDARD = gnu17;
				GCC_NO_COMMON_BLOCKS = YES;
				GCC_WARN_64_TO_32_BIT_CONVERSION = YES;
				GCC_WARN_ABOUT_RETURN_TYPE = YES_ERROR;
				GCC_WARN_UNDECLARED_SELECTOR = YES;
				GCC_WARN_UNINITIALIZED_AUTOS = YES_AGGRESSIVE;
				GCC_WARN_UNUSED_FUNCTION = YES;
				GCC_WARN_UNUSED_VARIABLE = YES;
				IPHONEOS_DEPLOYMENT_TARGET = 17.2;
				LOCALIZATION_PREFERS_STRING_CATALOGS = YES;
				MTL_ENABLE_DEBUG_INFO = NO;
				MTL_FAST_MATH = YES;
				SDKROOT = iphoneos;
				SWIFT_COMPILATION_MODE = wholemodule;
				VALIDATE_PRODUCT = YES;
			};
			name = Release;
		};
		9EE4F1152CCE119A009D0F71 /* Debug */ = {
			isa = XCBuildConfiguration;
			buildSettings = {
				ASSETCATALOG_COMPILER_APPICON_NAME = AppIcon;
				ASSETCATALOG_COMPILER_GLOBAL_ACCENT_COLOR_NAME = AccentColor;
				CODE_SIGN_ENTITLEMENTS = PlanMate/PlanMate.entitlements;
				CODE_SIGN_STYLE = Automatic;
				CURRENT_PROJECT_VERSION = 1;
				DEVELOPMENT_ASSET_PATHS = "\"PlanMate/Preview Content\"";
				DEVELOPMENT_TEAM = JH7C8QQRRU;
				ENABLE_PREVIEWS = YES;
				GENERATE_INFOPLIST_FILE = YES;
				INFOPLIST_FILE = PlanMate/Info.plist;
				INFOPLIST_KEY_NSCalendarsUsageDescription = "This app needs access to your calendar to add activities as events";
				INFOPLIST_KEY_NSFaceIDUsageDescription = "Allow Face ID for quick sign in";
				INFOPLIST_KEY_NSLocationWhenInUseUsageDescription = "This app needs your location to show nearby places.";
				INFOPLIST_KEY_NSPhotoLibraryAddUsageDescription = "This app needs access to save QR codes to your photo library.";
				INFOPLIST_KEY_UIApplicationSceneManifest_Generation = YES;
				INFOPLIST_KEY_UIApplicationSupportsIndirectInputEvents = YES;
				INFOPLIST_KEY_UILaunchScreen_Generation = YES;
				INFOPLIST_KEY_UISupportedInterfaceOrientations_iPad = "UIInterfaceOrientationPortrait UIInterfaceOrientationPortraitUpsideDown UIInterfaceOrientationLandscapeLeft UIInterfaceOrientationLandscapeRight";
				INFOPLIST_KEY_UISupportedInterfaceOrientations_iPhone = "UIInterfaceOrientationPortrait UIInterfaceOrientationLandscapeLeft UIInterfaceOrientationLandscapeRight";
				LD_RUNPATH_SEARCH_PATHS = (
					"$(inherited)",
					"@executable_path/Frameworks",
				);
				MARKETING_VERSION = 1.0;
				PRODUCT_BUNDLE_IDENTIFIER = "Nimesh-Kumarasinghe.PlanMate";
				PRODUCT_NAME = "$(TARGET_NAME)";
				SWIFT_EMIT_LOC_STRINGS = YES;
				SWIFT_VERSION = 5.0;
				TARGETED_DEVICE_FAMILY = "1,2";
			};
			name = Debug;
		};
		9EE4F1162CCE119A009D0F71 /* Release */ = {
			isa = XCBuildConfiguration;
			buildSettings = {
				ASSETCATALOG_COMPILER_APPICON_NAME = AppIcon;
				ASSETCATALOG_COMPILER_GLOBAL_ACCENT_COLOR_NAME = AccentColor;
				CODE_SIGN_ENTITLEMENTS = PlanMate/PlanMate.entitlements;
				CODE_SIGN_STYLE = Automatic;
				CURRENT_PROJECT_VERSION = 1;
				DEVELOPMENT_ASSET_PATHS = "\"PlanMate/Preview Content\"";
				DEVELOPMENT_TEAM = JH7C8QQRRU;
				ENABLE_PREVIEWS = YES;
				GENERATE_INFOPLIST_FILE = YES;
				INFOPLIST_FILE = PlanMate/Info.plist;
				INFOPLIST_KEY_NSCalendarsUsageDescription = "This app needs access to your calendar to add activities as events";
				INFOPLIST_KEY_NSFaceIDUsageDescription = "Allow Face ID for quick sign in";
				INFOPLIST_KEY_NSLocationWhenInUseUsageDescription = "This app needs your location to show nearby places.";
				INFOPLIST_KEY_NSPhotoLibraryAddUsageDescription = "This app needs access to save QR codes to your photo library.";
				INFOPLIST_KEY_UIApplicationSceneManifest_Generation = YES;
				INFOPLIST_KEY_UIApplicationSupportsIndirectInputEvents = YES;
				INFOPLIST_KEY_UILaunchScreen_Generation = YES;
				INFOPLIST_KEY_UISupportedInterfaceOrientations_iPad = "UIInterfaceOrientationPortrait UIInterfaceOrientationPortraitUpsideDown UIInterfaceOrientationLandscapeLeft UIInterfaceOrientationLandscapeRight";
				INFOPLIST_KEY_UISupportedInterfaceOrientations_iPhone = "UIInterfaceOrientationPortrait UIInterfaceOrientationLandscapeLeft UIInterfaceOrientationLandscapeRight";
				LD_RUNPATH_SEARCH_PATHS = (
					"$(inherited)",
					"@executable_path/Frameworks",
				);
				MARKETING_VERSION = 1.0;
				PRODUCT_BUNDLE_IDENTIFIER = "Nimesh-Kumarasinghe.PlanMate";
				PRODUCT_NAME = "$(TARGET_NAME)";
				SWIFT_EMIT_LOC_STRINGS = YES;
				SWIFT_VERSION = 5.0;
				TARGETED_DEVICE_FAMILY = "1,2";
			};
			name = Release;
		};
		9EE4F1182CCE119A009D0F71 /* Debug */ = {
			isa = XCBuildConfiguration;
			buildSettings = {
				ALWAYS_EMBED_SWIFT_STANDARD_LIBRARIES = YES;
				BUNDLE_LOADER = "$(TEST_HOST)";
				CODE_SIGN_STYLE = Automatic;
				CURRENT_PROJECT_VERSION = 1;
				GENERATE_INFOPLIST_FILE = YES;
				IPHONEOS_DEPLOYMENT_TARGET = 17.2;
				MARKETING_VERSION = 1.0;
				PRODUCT_BUNDLE_IDENTIFIER = "Nimesh-Kumarasinghe.PlanMateTests";
				PRODUCT_NAME = "$(TARGET_NAME)";
				SWIFT_EMIT_LOC_STRINGS = NO;
				SWIFT_VERSION = 5.0;
				TARGETED_DEVICE_FAMILY = "1,2";
				TEST_HOST = "$(BUILT_PRODUCTS_DIR)/PlanMate.app/$(BUNDLE_EXECUTABLE_FOLDER_PATH)/PlanMate";
			};
			name = Debug;
		};
		9EE4F1192CCE119A009D0F71 /* Release */ = {
			isa = XCBuildConfiguration;
			buildSettings = {
				ALWAYS_EMBED_SWIFT_STANDARD_LIBRARIES = YES;
				BUNDLE_LOADER = "$(TEST_HOST)";
				CODE_SIGN_STYLE = Automatic;
				CURRENT_PROJECT_VERSION = 1;
				GENERATE_INFOPLIST_FILE = YES;
				IPHONEOS_DEPLOYMENT_TARGET = 17.2;
				MARKETING_VERSION = 1.0;
				PRODUCT_BUNDLE_IDENTIFIER = "Nimesh-Kumarasinghe.PlanMateTests";
				PRODUCT_NAME = "$(TARGET_NAME)";
				SWIFT_EMIT_LOC_STRINGS = NO;
				SWIFT_VERSION = 5.0;
				TARGETED_DEVICE_FAMILY = "1,2";
				TEST_HOST = "$(BUILT_PRODUCTS_DIR)/PlanMate.app/$(BUNDLE_EXECUTABLE_FOLDER_PATH)/PlanMate";
			};
			name = Release;
		};
		9EE4F11B2CCE119A009D0F71 /* Debug */ = {
			isa = XCBuildConfiguration;
			buildSettings = {
				ALWAYS_EMBED_SWIFT_STANDARD_LIBRARIES = YES;
				CODE_SIGN_STYLE = Automatic;
				CURRENT_PROJECT_VERSION = 1;
				GENERATE_INFOPLIST_FILE = YES;
				MARKETING_VERSION = 1.0;
				PRODUCT_BUNDLE_IDENTIFIER = "Nimesh-Kumarasinghe.PlanMateUITests";
				PRODUCT_NAME = "$(TARGET_NAME)";
				SWIFT_EMIT_LOC_STRINGS = NO;
				SWIFT_VERSION = 5.0;
				TARGETED_DEVICE_FAMILY = "1,2";
				TEST_TARGET_NAME = PlanMate;
			};
			name = Debug;
		};
		9EE4F11C2CCE119A009D0F71 /* Release */ = {
			isa = XCBuildConfiguration;
			buildSettings = {
				ALWAYS_EMBED_SWIFT_STANDARD_LIBRARIES = YES;
				CODE_SIGN_STYLE = Automatic;
				CURRENT_PROJECT_VERSION = 1;
				GENERATE_INFOPLIST_FILE = YES;
				MARKETING_VERSION = 1.0;
				PRODUCT_BUNDLE_IDENTIFIER = "Nimesh-Kumarasinghe.PlanMateUITests";
				PRODUCT_NAME = "$(TARGET_NAME)";
				SWIFT_EMIT_LOC_STRINGS = NO;
				SWIFT_VERSION = 5.0;
				TARGETED_DEVICE_FAMILY = "1,2";
				TEST_TARGET_NAME = PlanMate;
			};
			name = Release;
		};
/* End XCBuildConfiguration section */

/* Begin XCConfigurationList section */
		9EE4F0E62CCE1199009D0F71 /* Build configuration list for PBXProject "PlanMate" */ = {
			isa = XCConfigurationList;
			buildConfigurations = (
				9EE4F1122CCE119A009D0F71 /* Debug */,
				9EE4F1132CCE119A009D0F71 /* Release */,
			);
			defaultConfigurationIsVisible = 0;
			defaultConfigurationName = Release;
		};
		9EE4F1142CCE119A009D0F71 /* Build configuration list for PBXNativeTarget "PlanMate" */ = {
			isa = XCConfigurationList;
			buildConfigurations = (
				9EE4F1152CCE119A009D0F71 /* Debug */,
				9EE4F1162CCE119A009D0F71 /* Release */,
			);
			defaultConfigurationIsVisible = 0;
			defaultConfigurationName = Release;
		};
		9EE4F1172CCE119A009D0F71 /* Build configuration list for PBXNativeTarget "PlanMateTests" */ = {
			isa = XCConfigurationList;
			buildConfigurations = (
				9EE4F1182CCE119A009D0F71 /* Debug */,
				9EE4F1192CCE119A009D0F71 /* Release */,
			);
			defaultConfigurationIsVisible = 0;
			defaultConfigurationName = Release;
		};
		9EE4F11A2CCE119A009D0F71 /* Build configuration list for PBXNativeTarget "PlanMateUITests" */ = {
			isa = XCConfigurationList;
			buildConfigurations = (
				9EE4F11B2CCE119A009D0F71 /* Debug */,
				9EE4F11C2CCE119A009D0F71 /* Release */,
			);
			defaultConfigurationIsVisible = 0;
			defaultConfigurationName = Release;
		};
/* End XCConfigurationList section */

/* Begin XCRemoteSwiftPackageReference section */
		9EBDA9AC2CEB11BF00A8205D /* XCRemoteSwiftPackageReference "SDWebImageSwiftUI" */ = {
			isa = XCRemoteSwiftPackageReference;
			repositoryURL = "https://github.com/SDWebImage/SDWebImageSwiftUI.git";
			requirement = {
				kind = upToNextMajorVersion;
				minimumVersion = 3.1.3;
			};
		};
		9EE7D7362CD9E04F00F7602D /* XCRemoteSwiftPackageReference "firebase-ios-sdk" */ = {
			isa = XCRemoteSwiftPackageReference;
			repositoryURL = "https://github.com/firebase/firebase-ios-sdk";
			requirement = {
				kind = upToNextMajorVersion;
				minimumVersion = 11.4.0;
			};
		};
		9EE7D7402CDA15B800F7602D /* XCRemoteSwiftPackageReference "GoogleSignIn-iOS" */ = {
			isa = XCRemoteSwiftPackageReference;
			repositoryURL = "https://github.com/google/GoogleSignIn-iOS";
			requirement = {
				kind = upToNextMajorVersion;
				minimumVersion = 8.0.0;
			};
		};
/* End XCRemoteSwiftPackageReference section */

/* Begin XCSwiftPackageProductDependency section */
		9E8A7CA22CEF07090050D4DA /* FirebaseFirestore */ = {
			isa = XCSwiftPackageProductDependency;
			productName = FirebaseFirestore;
		};
		9E8A7CA42CEF07090050D4DA /* FirebaseStorage */ = {
			isa = XCSwiftPackageProductDependency;
			productName = FirebaseStorage;
		};
		9EBDA9AA2CEB0E6800A8205D /* FirebaseStorage */ = {
			isa = XCSwiftPackageProductDependency;
			productName = FirebaseStorage;
		};
		9EBDA9AD2CEB11BF00A8205D /* SDWebImageSwiftUI */ = {
			isa = XCSwiftPackageProductDependency;
			package = 9EBDA9AC2CEB11BF00A8205D /* XCRemoteSwiftPackageReference "SDWebImageSwiftUI" */;
			productName = SDWebImageSwiftUI;
		};
		9EE7D7372CD9E04F00F7602D /* FirebaseAuth */ = {
			isa = XCSwiftPackageProductDependency;
			package = 9EE7D7362CD9E04F00F7602D /* XCRemoteSwiftPackageReference "firebase-ios-sdk" */;
			productName = FirebaseAuth;
		};
		9EE7D7392CD9E04F00F7602D /* FirebaseDatabase */ = {
			isa = XCSwiftPackageProductDependency;
			package = 9EE7D7362CD9E04F00F7602D /* XCRemoteSwiftPackageReference "firebase-ios-sdk" */;
			productName = FirebaseDatabase;
		};
		9EE7D7412CDA15B800F7602D /* GoogleSignIn */ = {
			isa = XCSwiftPackageProductDependency;
			package = 9EE7D7402CDA15B800F7602D /* XCRemoteSwiftPackageReference "GoogleSignIn-iOS" */;
			productName = GoogleSignIn;
		};
		9EE7D7432CDA15B800F7602D /* GoogleSignInSwift */ = {
			isa = XCSwiftPackageProductDependency;
			package = 9EE7D7402CDA15B800F7602D /* XCRemoteSwiftPackageReference "GoogleSignIn-iOS" */;
			productName = GoogleSignInSwift;
		};
		9EE7D7452CDA544B00F7602D /* FirebaseFirestore */ = {
			isa = XCSwiftPackageProductDependency;
			productName = FirebaseFirestore;
		};
		9EED9E482CDCB9D6003543E7 /* FirebaseCore */ = {
			isa = XCSwiftPackageProductDependency;
			productName = FirebaseCore;
		};
		9EED9E4A2CDCB9D6003543E7 /* FirebaseFirestore */ = {
			isa = XCSwiftPackageProductDependency;
			productName = FirebaseFirestore;
		};
/* End XCSwiftPackageProductDependency section */

/* Begin XCVersionGroup section */
		9EE4F0F92CCE119A009D0F71 /* PlanMate.xcdatamodeld */ = {
			isa = XCVersionGroup;
			children = (
				9EE4F0FA2CCE119A009D0F71 /* PlanMate.xcdatamodel */,
			);
			currentVersion = 9EE4F0FA2CCE119A009D0F71 /* PlanMate.xcdatamodel */;
			path = PlanMate.xcdatamodeld;
			sourceTree = "<group>";
			versionGroupType = wrapper.xcdatamodel;
		};
/* End XCVersionGroup section */
	};
	rootObject = 9EE4F0E32CCE1199009D0F71 /* Project object */;
}
